
Microsoft Visual Studio Solution File, Format Version 12.00
# Visual Studio Version 17
VisualStudioVersion = 17.4.33213.308
MinimumVisualStudioVersion = 10.0.40219.1
Project("{FAE04EC0-301F-11D3-BF4B-00C04F79EFBC}") = "CosmeticsManagerTGBot", "CosmeticsManagerTGBot.csproj", "{F64DD829-7556-45BA-ADBC-F6CE8FA0A783}"
EndProject
Global
	GlobalSection(SolutionConfigurationPlatforms) = preSolution
		Debug|Any CPU = Debug|Any CPU
		Release|Any CPU = Release|Any CPU
	EndGlobalSection
	GlobalSection(ProjectConfigurationPlatforms) = postSolution
		{F64DD829-7556-45BA-ADBC-F6CE8FA0A783}.Debug|Any CPU.ActiveCfg = Debug|Any CPU
		{F64DD829-7556-45BA-ADBC-F6CE8FA0A783}.Debug|Any CPU.Build.0 = Debug|Any CPU
		{F64DD829-7556-45BA-ADBC-F6CE8FA0A783}.Release|Any CPU.ActiveCfg = Release|Any CPU
		{F64DD829-7556-45BA-ADBC-F6CE8FA0A783}.Release|Any CPU.Build.0 = Release|Any CPU
	EndGlobalSection
	GlobalSection(SolutionProperties) = preSolution
		HideSolutionNode = FALSE
	EndGlobalSection
	GlobalSection(ExtensibilityGlobals) = postSolution
		SolutionGuid = {D0B87016-7688-474C-ABCB-F24F6A6E169B}
	EndGlobalSection
EndGlobal
